
Microsoft Visual Studio Solution File, Format Version 12.00
# Visual Studio Version 16
VisualStudioVersion = 16.0.30413.136
MinimumVisualStudioVersion = 10.0.40219.1
Project("{9A19103F-16F7-4668-BE54-9A1E7A4F7556}") = "CsharpConcepts8.0", "src\CsharpConcepts8.0\CsharpConcepts8.0.csproj", "{9C6D6962-018A-4528-A143-612B0621E3EC}"
EndProject
Project("{2150E333-8FDC-42A3-9474-1A3956D46DE8}") = "Solution Items", "Solution Items", "{6CCDED36-6922-4987-9D6A-4340B4F57347}"
	ProjectSection(SolutionItems) = preProject
		readme.txt = readme.txt
	EndProjectSection
EndProject
Global
	GlobalSection(SolutionConfigurationPlatforms) = preSolution
		Debug|Any CPU = Debug|Any CPU
		Release|Any CPU = Release|Any CPU
	EndGlobalSection
	GlobalSection(ProjectConfigurationPlatforms) = postSolution
		{9C6D6962-018A-4528-A143-612B0621E3EC}.Debug|Any CPU.ActiveCfg = Debug|Any CPU
		{9C6D6962-018A-4528-A143-612B0621E3EC}.Debug|Any CPU.Build.0 = Debug|Any CPU
		{9C6D6962-018A-4528-A143-612B0621E3EC}.Release|Any CPU.ActiveCfg = Release|Any CPU
		{9C6D6962-018A-4528-A143-612B0621E3EC}.Release|Any CPU.Build.0 = Release|Any CPU
	EndGlobalSection
	GlobalSection(SolutionProperties) = preSolution
		HideSolutionNode = FALSE
	EndGlobalSection
	GlobalSection(ExtensibilityGlobals) = postSolution
		SolutionGuid = {06434B2A-2D46-4ED4-BB25-C67A98B9015A}
	EndGlobalSection
EndGlobal
